<Solution>
  <Project Path="Application/Application.csproj" />
  <Project Path="Domain/Domain.csproj" />
  <Project Path="ENABLEVN/Presentation.csproj" />
  <Project Path="InfrastructureInMemory/InfrastructureInMemory.csproj" />
  <Project Path="InfrastructureSqlite/InfrastructureSqlite.csproj" />
</Solution>
